
Microsoft Visual Studio Solution File, Format Version 12.00
# Visual Studio 15
VisualStudioVersion = 15.0.28306.52
MinimumVisualStudioVersion = 10.0.40219.1
Project("{8BC9CEB8-8B4A-11D0-8D11-00A0C91BC942}") = "Klgr", "Keylogger\Keylogger.vcxproj", "{E7B464BC-8A02-4ADE-B0F0-44D209BF81E6}"
EndProject
Project("{FAE04EC0-301F-11D3-BF4B-00C04F79EFBC}") = "StartupProgrma", "StartupProgrma\StartupProgrma.csproj", "{1C877A71-608E-4CCC-8254-DFE612255BEB}"
EndProject
Project("{8BC9CEB8-8B4A-11D0-8D11-00A0C91BC942}") = "ADS", "ADS\ADS.vcxproj", "{D61B3694-6DCE-46FE-B9A7-6936B364C67A}"
EndProject
Global
	GlobalSection(SolutionConfigurationPlatforms) = preSolution
		Debug|Any CPU = Debug|Any CPU
		Debug|x64 = Debug|x64
		Debug|x86 = Debug|x86
		Release|Any CPU = Release|Any CPU
		Release|x64 = Release|x64
		Release|x86 = Release|x86
	EndGlobalSection
	GlobalSection(ProjectConfigurationPlatforms) = postSolution
		{E7B464BC-8A02-4ADE-B0F0-44D209BF81E6}.Debug|Any CPU.ActiveCfg = Debug|Win32
		{E7B464BC-8A02-4ADE-B0F0-44D209BF81E6}.Debug|x64.ActiveCfg = Debug|x64
		{E7B464BC-8A02-4ADE-B0F0-44D209BF81E6}.Debug|x64.Build.0 = Debug|x64
		{E7B464BC-8A02-4ADE-B0F0-44D209BF81E6}.Debug|x86.ActiveCfg = Debug|Win32
		{E7B464BC-8A02-4ADE-B0F0-44D209BF81E6}.Debug|x86.Build.0 = Debug|Win32
		{E7B464BC-8A02-4ADE-B0F0-44D209BF81E6}.Release|Any CPU.ActiveCfg = Release|Win32
		{E7B464BC-8A02-4ADE-B0F0-44D209BF81E6}.Release|x64.ActiveCfg = Release|x64
		{E7B464BC-8A02-4ADE-B0F0-44D209BF81E6}.Release|x64.Build.0 = Release|x64
		{E7B464BC-8A02-4ADE-B0F0-44D209BF81E6}.Release|x86.ActiveCfg = Release|Win32
		{E7B464BC-8A02-4ADE-B0F0-44D209BF81E6}.Release|x86.Build.0 = Release|Win32
		{1C877A71-608E-4CCC-8254-DFE612255BEB}.Debug|Any CPU.ActiveCfg = Debug|Any CPU
		{1C877A71-608E-4CCC-8254-DFE612255BEB}.Debug|Any CPU.Build.0 = Debug|Any CPU
		{1C877A71-608E-4CCC-8254-DFE612255BEB}.Debug|x64.ActiveCfg = Debug|Any CPU
		{1C877A71-608E-4CCC-8254-DFE612255BEB}.Debug|x64.Build.0 = Debug|Any CPU
		{1C877A71-608E-4CCC-8254-DFE612255BEB}.Debug|x86.ActiveCfg = Debug|Any CPU
		{1C877A71-608E-4CCC-8254-DFE612255BEB}.Debug|x86.Build.0 = Debug|Any CPU
		{1C877A71-608E-4CCC-8254-DFE612255BEB}.Release|Any CPU.ActiveCfg = Release|Any CPU
		{1C877A71-608E-4CCC-8254-DFE612255BEB}.Release|Any CPU.Build.0 = Release|Any CPU
		{1C877A71-608E-4CCC-8254-DFE612255BEB}.Release|x64.ActiveCfg = Release|Any CPU
		{1C877A71-608E-4CCC-8254-DFE612255BEB}.Release|x64.Build.0 = Release|Any CPU
		{1C877A71-608E-4CCC-8254-DFE612255BEB}.Release|x86.ActiveCfg = Release|Any CPU
		{1C877A71-608E-4CCC-8254-DFE612255BEB}.Release|x86.Build.0 = Release|Any CPU
		{D61B3694-6DCE-46FE-B9A7-6936B364C67A}.Debug|Any CPU.ActiveCfg = Debug|Win32
		{D61B3694-6DCE-46FE-B9A7-6936B364C67A}.Debug|x64.ActiveCfg = Debug|x64
		{D61B3694-6DCE-46FE-B9A7-6936B364C67A}.Debug|x64.Build.0 = Debug|x64
		{D61B3694-6DCE-46FE-B9A7-6936B364C67A}.Debug|x86.ActiveCfg = Debug|Win32
		{D61B3694-6DCE-46FE-B9A7-6936B364C67A}.Debug|x86.Build.0 = Debug|Win32
		{D61B3694-6DCE-46FE-B9A7-6936B364C67A}.Release|Any CPU.ActiveCfg = Release|Win32
		{D61B3694-6DCE-46FE-B9A7-6936B364C67A}.Release|x64.ActiveCfg = Release|x64
		{D61B3694-6DCE-46FE-B9A7-6936B364C67A}.Release|x64.Build.0 = Release|x64
		{D61B3694-6DCE-46FE-B9A7-6936B364C67A}.Release|x86.ActiveCfg = Release|Win32
		{D61B3694-6DCE-46FE-B9A7-6936B364C67A}.Release|x86.Build.0 = Release|Win32
	EndGlobalSection
	GlobalSection(SolutionProperties) = preSolution
		HideSolutionNode = FALSE
	EndGlobalSection
	GlobalSection(ExtensibilityGlobals) = postSolution
		SolutionGuid = {486C8AA7-37F9-4015-BF55-61B7A503959C}
	EndGlobalSection
EndGlobal
